
Microsoft Visual Studio Solution File, Format Version 12.00
# Visual Studio Version 17
VisualStudioVersion = 17.14.36121.58
MinimumVisualStudioVersion = 10.0.40219.1
Project("{8BC9CEB8-8B4A-11D0-8D11-00A0C91BC942}") = "10", "10\01.vcxproj", "{81456DAA-A11D-4991-A4F0-45C5C30A61A8}"
EndProject
Project("{8BC9CEB8-8B4A-11D0-8D11-00A0C91BC942}") = "11", "11\11.vcxproj", "{66CE91CB-D4A6-4338-A728-C352CA3EA357}"
EndProject
Project("{8BC9CEB8-8B4A-11D0-8D11-00A0C91BC942}") = "12", "12\12.vcxproj", "{5D5D07D2-B536-4322-891A-3708A8BC461B}"
EndProject
Project("{8BC9CEB8-8B4A-11D0-8D11-00A0C91BC942}") = "13", "13\13.vcxproj", "{CBAEC7C3-75F5-436A-BB2A-5C315854EA3B}"
EndProject
Project("{8BC9CEB8-8B4A-11D0-8D11-00A0C91BC942}") = "14", "14\14.vcxproj", "{EFAD2E3F-DE45-46CA-ACFB-8DD47DFC5BE8}"
EndProject
Project("{8BC9CEB8-8B4A-11D0-8D11-00A0C91BC942}") = "15", "15\15.vcxproj", "{10B8FCA4-1362-47F7-B526-CA279530F8D3}"
EndProject
Project("{8BC9CEB8-8B4A-11D0-8D11-00A0C91BC942}") = "16", "16\16.vcxproj", "{516AA92C-C00A-498F-A6F3-12C6F55A3BAF}"
EndProject
Global
	GlobalSection(SolutionConfigurationPlatforms) = preSolution
		Debug|x64 = Debug|x64
		Debug|x86 = Debug|x86
		Release|x64 = Release|x64
		Release|x86 = Release|x86
	EndGlobalSection
	GlobalSection(ProjectConfigurationPlatforms) = postSolution
		{81456DAA-A11D-4991-A4F0-45C5C30A61A8}.Debug|x64.ActiveCfg = Debug|x64
		{81456DAA-A11D-4991-A4F0-45C5C30A61A8}.Debug|x64.Build.0 = Debug|x64
		{81456DAA-A11D-4991-A4F0-45C5C30A61A8}.Debug|x86.ActiveCfg = Debug|Win32
		{81456DAA-A11D-4991-A4F0-45C5C30A61A8}.Debug|x86.Build.0 = Debug|Win32
		{81456DAA-A11D-4991-A4F0-45C5C30A61A8}.Release|x64.ActiveCfg = Release|x64
		{81456DAA-A11D-4991-A4F0-45C5C30A61A8}.Release|x64.Build.0 = Release|x64
		{81456DAA-A11D-4991-A4F0-45C5C30A61A8}.Release|x86.ActiveCfg = Release|Win32
		{81456DAA-A11D-4991-A4F0-45C5C30A61A8}.Release|x86.Build.0 = Release|Win32
		{66CE91CB-D4A6-4338-A728-C352CA3EA357}.Debug|x64.ActiveCfg = Debug|x64
		{66CE91CB-D4A6-4338-A728-C352CA3EA357}.Debug|x64.Build.0 = Debug|x64
		{66CE91CB-D4A6-4338-A728-C352CA3EA357}.Debug|x86.ActiveCfg = Debug|Win32
		{66CE91CB-D4A6-4338-A728-C352CA3EA357}.Debug|x86.Build.0 = Debug|Win32
		{66CE91CB-D4A6-4338-A728-C352CA3EA357}.Release|x64.ActiveCfg = Release|x64
		{66CE91CB-D4A6-4338-A728-C352CA3EA357}.Release|x64.Build.0 = Release|x64
		{66CE91CB-D4A6-4338-A728-C352CA3EA357}.Release|x86.ActiveCfg = Release|Win32
		{66CE91CB-D4A6-4338-A728-C352CA3EA357}.Release|x86.Build.0 = Release|Win32
		{5D5D07D2-B536-4322-891A-3708A8BC461B}.Debug|x64.ActiveCfg = Debug|x64
		{5D5D07D2-B536-4322-891A-3708A8BC461B}.Debug|x64.Build.0 = Debug|x64
		{5D5D07D2-B536-4322-891A-3708A8BC461B}.Debug|x86.ActiveCfg = Debug|Win32
		{5D5D07D2-B536-4322-891A-3708A8BC461B}.Debug|x86.Build.0 = Debug|Win32
		{5D5D07D2-B536-4322-891A-3708A8BC461B}.Release|x64.ActiveCfg = Release|x64
		{5D5D07D2-B536-4322-891A-3708A8BC461B}.Release|x64.Build.0 = Release|x64
		{5D5D07D2-B536-4322-891A-3708A8BC461B}.Release|x86.ActiveCfg = Release|Win32
		{5D5D07D2-B536-4322-891A-3708A8BC461B}.Release|x86.Build.0 = Release|Win32
		{CBAEC7C3-75F5-436A-BB2A-5C315854EA3B}.Debug|x64.ActiveCfg = Debug|x64
		{CBAEC7C3-75F5-436A-BB2A-5C315854EA3B}.Debug|x64.Build.0 = Debug|x64
		{CBAEC7C3-75F5-436A-BB2A-5C315854EA3B}.Debug|x86.ActiveCfg = Debug|Win32
		{CBAEC7C3-75F5-436A-BB2A-5C315854EA3B}.Debug|x86.Build.0 = Debug|Win32
		{CBAEC7C3-75F5-436A-BB2A-5C315854EA3B}.Release|x64.ActiveCfg = Release|x64
		{CBAEC7C3-75F5-436A-BB2A-5C315854EA3B}.Release|x64.Build.0 = Release|x64
		{CBAEC7C3-75F5-436A-BB2A-5C315854EA3B}.Release|x86.ActiveCfg = Release|Win32
		{CBAEC7C3-75F5-436A-BB2A-5C315854EA3B}.Release|x86.Build.0 = Release|Win32
		{EFAD2E3F-DE45-46CA-ACFB-8DD47DFC5BE8}.Debug|x64.ActiveCfg = Debug|x64
		{EFAD2E3F-DE45-46CA-ACFB-8DD47DFC5BE8}.Debug|x64.Build.0 = Debug|x64
		{EFAD2E3F-DE45-46CA-ACFB-8DD47DFC5BE8}.Debug|x86.ActiveCfg = Debug|Win32
		{EFAD2E3F-DE45-46CA-ACFB-8DD47DFC5BE8}.Debug|x86.Build.0 = Debug|Win32
		{EFAD2E3F-DE45-46CA-ACFB-8DD47DFC5BE8}.Release|x64.ActiveCfg = Release|x64
		{EFAD2E3F-DE45-46CA-ACFB-8DD47DFC5BE8}.Release|x64.Build.0 = Release|x64
		{EFAD2E3F-DE45-46CA-ACFB-8DD47DFC5BE8}.Release|x86.ActiveCfg = Release|Win32
		{EFAD2E3F-DE45-46CA-ACFB-8DD47DFC5BE8}.Release|x86.Build.0 = Release|Win32
		{10B8FCA4-1362-47F7-B526-CA279530F8D3}.Debug|x64.ActiveCfg = Debug|x64
		{10B8FCA4-1362-47F7-B526-CA279530F8D3}.Debug|x64.Build.0 = Debug|x64
		{10B8FCA4-1362-47F7-B526-CA279530F8D3}.Debug|x86.ActiveCfg = Debug|Win32
		{10B8FCA4-1362-47F7-B526-CA279530F8D3}.Debug|x86.Build.0 = Debug|Win32
		{10B8FCA4-1362-47F7-B526-CA279530F8D3}.Release|x64.ActiveCfg = Release|x64
		{10B8FCA4-1362-47F7-B526-CA279530F8D3}.Release|x64.Build.0 = Release|x64
		{10B8FCA4-1362-47F7-B526-CA279530F8D3}.Release|x86.ActiveCfg = Release|Win32
		{10B8FCA4-1362-47F7-B526-CA279530F8D3}.Release|x86.Build.0 = Release|Win32
		{516AA92C-C00A-498F-A6F3-12C6F55A3BAF}.Debug|x64.ActiveCfg = Debug|x64
		{516AA92C-C00A-498F-A6F3-12C6F55A3BAF}.Debug|x64.Build.0 = Debug|x64
		{516AA92C-C00A-498F-A6F3-12C6F55A3BAF}.Debug|x86.ActiveCfg = Debug|Win32
		{516AA92C-C00A-498F-A6F3-12C6F55A3BAF}.Debug|x86.Build.0 = Debug|Win32
		{516AA92C-C00A-498F-A6F3-12C6F55A3BAF}.Release|x64.ActiveCfg = Release|x64
		{516AA92C-C00A-498F-A6F3-12C6F55A3BAF}.Release|x64.Build.0 = Release|x64
		{516AA92C-C00A-498F-A6F3-12C6F55A3BAF}.Release|x86.ActiveCfg = Release|Win32
		{516AA92C-C00A-498F-A6F3-12C6F55A3BAF}.Release|x86.Build.0 = Release|Win32
	EndGlobalSection
	GlobalSection(SolutionProperties) = preSolution
		HideSolutionNode = FALSE
	EndGlobalSection
	GlobalSection(ExtensibilityGlobals) = postSolution
		SolutionGuid = {E81FFEC8-71FA-42E6-8875-111CF28929A8}
	EndGlobalSection
EndGlobal
